
Microsoft Visual Studio Solution File, Format Version 12.00
# Visual Studio Version 16
VisualStudioVersion = 16.0.29509.3
MinimumVisualStudioVersion = 10.0.40219.1
Project("{FAE04EC0-301F-11D3-BF4B-00C04F79EFBC}") = "Lab6", "Lab6.csproj", "{184603CC-E2C4-42C6-98DF-0B62E7E09745}"
EndProject
Global
	GlobalSection(SolutionConfigurationPlatforms) = preSolution
		Debug|Any CPU = Debug|Any CPU
		Release|Any CPU = Release|Any CPU
	EndGlobalSection
	GlobalSection(ProjectConfigurationPlatforms) = postSolution
		{184603CC-E2C4-42C6-98DF-0B62E7E09745}.Debug|Any CPU.ActiveCfg = Debug|Any CPU
		{184603CC-E2C4-42C6-98DF-0B62E7E09745}.Debug|Any CPU.Build.0 = Debug|Any CPU
		{184603CC-E2C4-42C6-98DF-0B62E7E09745}.Release|Any CPU.ActiveCfg = Release|Any CPU
		{184603CC-E2C4-42C6-98DF-0B62E7E09745}.Release|Any CPU.Build.0 = Release|Any CPU
	EndGlobalSection
	GlobalSection(SolutionProperties) = preSolution
		HideSolutionNode = FALSE
	EndGlobalSection
	GlobalSection(ExtensibilityGlobals) = postSolution
		SolutionGuid = {783262DF-89A5-4167-83A1-E9041B970002}
	EndGlobalSection
EndGlobal
