
Microsoft Visual Studio Solution File, Format Version 12.00
# Visual Studio 15
VisualStudioVersion = 15.0.28307.329
MinimumVisualStudioVersion = 10.0.40219.1
Project("{E24C65DC-7377-472B-9ABA-BC803B73C61A}") = "Lab3", ".", "{81C5353D-E700-4E09-B3FC-2F245B6573BE}"
	ProjectSection(WebsiteProperties) = preProject
		TargetFrameworkMoniker = ".NETFramework,Version%3Dv4.5"
		Debug.AspNetCompiler.VirtualPath = "/localhost_56466"
		Debug.AspNetCompiler.PhysicalPath = "..\Lab3\"
		Debug.AspNetCompiler.TargetPath = "PrecompiledWeb\localhost_56466\"
		Debug.AspNetCompiler.Updateable = "true"
		Debug.AspNetCompiler.ForceOverwrite = "true"
		Debug.AspNetCompiler.FixedNames = "false"
		Debug.AspNetCompiler.Debug = "True"
		Release.AspNetCompiler.VirtualPath = "/localhost_56466"
		Release.AspNetCompiler.PhysicalPath = "..\Lab3\"
		Release.AspNetCompiler.TargetPath = "PrecompiledWeb\localhost_56466\"
		Release.AspNetCompiler.Updateable = "true"
		Release.AspNetCompiler.ForceOverwrite = "true"
		Release.AspNetCompiler.FixedNames = "false"
		Release.AspNetCompiler.Debug = "False"
		VWDPort = "56466"
	EndProjectSection
EndProject
Global
	GlobalSection(SolutionConfigurationPlatforms) = preSolution
		Debug|Any CPU = Debug|Any CPU
	EndGlobalSection
	GlobalSection(ProjectConfigurationPlatforms) = postSolution
		{81C5353D-E700-4E09-B3FC-2F245B6573BE}.Debug|Any CPU.ActiveCfg = Debug|Any CPU
		{81C5353D-E700-4E09-B3FC-2F245B6573BE}.Debug|Any CPU.Build.0 = Debug|Any CPU
	EndGlobalSection
	GlobalSection(SolutionProperties) = preSolution
		HideSolutionNode = FALSE
	EndGlobalSection
	GlobalSection(ExtensibilityGlobals) = postSolution
		SolutionGuid = {018278B9-27A0-4610-AED9-C34EBBEA2DA6}
	EndGlobalSection
EndGlobal
