
Microsoft Visual Studio Solution File, Format Version 12.00
# Visual Studio 15
VisualStudioVersion = 15.0.28307.329
MinimumVisualStudioVersion = 10.0.40219.1
Project("{E24C65DC-7377-472B-9ABA-BC803B73C61A}") = "Lab4", ".", "{27AF8085-69AD-460B-BEC9-16F3DA6130A4}"
	ProjectSection(WebsiteProperties) = preProject
		TargetFrameworkMoniker = ".NETFramework,Version%3Dv4.5"
		Debug.AspNetCompiler.VirtualPath = "/localhost_58697"
		Debug.AspNetCompiler.PhysicalPath = "..\Lab4\"
		Debug.AspNetCompiler.TargetPath = "PrecompiledWeb\localhost_58697\"
		Debug.AspNetCompiler.Updateable = "true"
		Debug.AspNetCompiler.ForceOverwrite = "true"
		Debug.AspNetCompiler.FixedNames = "false"
		Debug.AspNetCompiler.Debug = "True"
		Release.AspNetCompiler.VirtualPath = "/localhost_58697"
		Release.AspNetCompiler.PhysicalPath = "..\Lab4\"
		Release.AspNetCompiler.TargetPath = "PrecompiledWeb\localhost_58697\"
		Release.AspNetCompiler.Updateable = "true"
		Release.AspNetCompiler.ForceOverwrite = "true"
		Release.AspNetCompiler.FixedNames = "false"
		Release.AspNetCompiler.Debug = "False"
		VWDPort = "58697"
		SlnRelativePath = "..\Lab4\"
	EndProjectSection
EndProject
Global
	GlobalSection(SolutionConfigurationPlatforms) = preSolution
		Debug|Any CPU = Debug|Any CPU
	EndGlobalSection
	GlobalSection(ProjectConfigurationPlatforms) = postSolution
		{27AF8085-69AD-460B-BEC9-16F3DA6130A4}.Debug|Any CPU.ActiveCfg = Debug|Any CPU
		{27AF8085-69AD-460B-BEC9-16F3DA6130A4}.Debug|Any CPU.Build.0 = Debug|Any CPU
	EndGlobalSection
	GlobalSection(SolutionProperties) = preSolution
		HideSolutionNode = FALSE
	EndGlobalSection
	GlobalSection(ExtensibilityGlobals) = postSolution
		SolutionGuid = {E05B6084-D8CC-4D80-86D7-6BBFF3B0E708}
	EndGlobalSection
EndGlobal
