
Microsoft Visual Studio Solution File, Format Version 12.00
# Visual Studio 15
VisualStudioVersion = 15.0.28307.329
MinimumVisualStudioVersion = 10.0.40219.1
Project("{E24C65DC-7377-472B-9ABA-BC803B73C61A}") = "Lab 8", ".", "{DB47FDF8-166F-4456-8988-D3215F0A7551}"
	ProjectSection(WebsiteProperties) = preProject
		TargetFrameworkMoniker = ".NETFramework,Version%3Dv4.6"
		Debug.AspNetCompiler.VirtualPath = "/localhost_50964"
		Debug.AspNetCompiler.PhysicalPath = "..\Lab 8\"
		Debug.AspNetCompiler.TargetPath = "PrecompiledWeb\localhost_50964\"
		Debug.AspNetCompiler.Updateable = "true"
		Debug.AspNetCompiler.ForceOverwrite = "true"
		Debug.AspNetCompiler.FixedNames = "false"
		Debug.AspNetCompiler.Debug = "True"
		Release.AspNetCompiler.VirtualPath = "/localhost_50964"
		Release.AspNetCompiler.PhysicalPath = "..\Lab 8\"
		Release.AspNetCompiler.TargetPath = "PrecompiledWeb\localhost_50964\"
		Release.AspNetCompiler.Updateable = "true"
		Release.AspNetCompiler.ForceOverwrite = "true"
		Release.AspNetCompiler.FixedNames = "false"
		Release.AspNetCompiler.Debug = "False"
		VWDPort = "50964"
	EndProjectSection
EndProject
Global
	GlobalSection(SolutionConfigurationPlatforms) = preSolution
		Debug|Any CPU = Debug|Any CPU
	EndGlobalSection
	GlobalSection(ProjectConfigurationPlatforms) = postSolution
		{DB47FDF8-166F-4456-8988-D3215F0A7551}.Debug|Any CPU.ActiveCfg = Debug|Any CPU
		{DB47FDF8-166F-4456-8988-D3215F0A7551}.Debug|Any CPU.Build.0 = Debug|Any CPU
	EndGlobalSection
	GlobalSection(SolutionProperties) = preSolution
		HideSolutionNode = FALSE
	EndGlobalSection
	GlobalSection(ExtensibilityGlobals) = postSolution
		SolutionGuid = {CDFACC86-50ED-42B6-B342-35FC4152C3CC}
	EndGlobalSection
EndGlobal
